uuid: 6423cd99-7b31-43bc-adaa-3661e3630b07
langcode: en
status: true
dependencies:
  module:
    - content_cards
  theme:
    - olivero
id: olivero_recentcardsblock
theme: olivero
region: content
weight: 0
provider: null
plugin: recent_cards_block
settings:
  id: recent_cards_block
  label: 'Recent Cards Block'
  label_display: visible
  provider: content_cards
visibility: {  }
